// !$*UTF8*$!
{
	archiveVersion = 1;
	classes = {
	};
	objectVersion = 51;
	objects = {

/* Begin PBXBuildFile section */
		5EEB0AA40B1B14096FF8853A /* Pods_LoginAnimadoSnapKit.framework in Frameworks */ = {isa = PBXBuildFile; fileRef = 6EF4B6E3868530EDACEBA211 /* Pods_LoginAnimadoSnapKit.framework */; };
		75CF79BB23E475BD00FB8E7F /* AppDelegate.swift in Sources */ = {isa = PBXBuildFile; fileRef = 75CF79BA23E475BD00FB8E7F /* AppDelegate.swift */; };
		75CF79BF23E475BD00FB8E7F /* ViewController.swift in Sources */ = {isa = PBXBuildFile; fileRef = 75CF79BE23E475BD00FB8E7F /* ViewController.swift */; };
		75CF79C223E475BD00FB8E7F /* Main.storyboard in Resources */ = {isa = PBXBuildFile; fileRef = 75CF79C023E475BD00FB8E7F /* Main.storyboard */; };
		75CF79C723E475C100FB8E7F /* Assets.xcassets in Resources */ = {isa = PBXBuildFile; fileRef = 75CF79C623E475C100FB8E7F /* Assets.xcassets */; };
		75CF79CA23E475C100FB8E7F /* LaunchScreen.storyboard in Resources */ = {isa = PBXBuildFile; fileRef = 75CF79C823E475C100FB8E7F /* LaunchScreen.storyboard */; };
		75CF79D623E4881400FB8E7F /* LoginView.swift in Sources */ = {isa = PBXBuildFile; fileRef = 75CF79D523E4881400FB8E7F /* LoginView.swift */; };
/* End PBXBuildFile section */

/* Begin PBXFileReference section */
		2E877189197885EA68880BC0 /* Pods-LoginAnimadoSnapKit.release.xcconfig */ = {isa = PBXFileReference; includeInIndex = 1; lastKnownFileType = text.xcconfig; name = "Pods-LoginAnimadoSnapKit.release.xcconfig"; path = "Target Support Files/Pods-LoginAnimadoSnapKit/Pods-LoginAnimadoSnapKit.release.xcconfig"; sourceTree = "<group>"; };
		6EF4B6E3868530EDACEBA211 /* Pods_LoginAnimadoSnapKit.framework */ = {isa = PBXFileReference; explicitFileType = wrapper.framework; includeInIndex = 0; path = Pods_LoginAnimadoSnapKit.framework; sourceTree = BUILT_PRODUCTS_DIR; };
		74833AD4721937ADE7879AD1 /* Pods-LoginAnimadoSnapKit.debug.xcconfig */ = {isa = PBXFileReference; includeInIndex = 1; lastKnownFileType = text.xcconfig; name = "Pods-LoginAnimadoSnapKit.debug.xcconfig"; path = "Target Support Files/Pods-LoginAnimadoSnapKit/Pods-LoginAnimadoSnapKit.debug.xcconfig"; sourceTree = "<group>"; };
		75CF79B723E475BD00FB8E7F /* LoginAnimadoSnapKit.app */ = {isa = PBXFileReference; explicitFileType = wrapper.application; includeInIndex = 0; path = LoginAnimadoSnapKit.app; sourceTree = BUILT_PRODUCTS_DIR; };
		75CF79BA23E475BD00FB8E7F /* AppDelegate.swift */ = {isa = PBXFileReference; lastKnownFileType = sourcecode.swift; path = AppDelegate.swift; sourceTree = "<group>"; };
		75CF79BC23E475BD00FB8E7F /* SceneDelegate.swift */ = {isa = PBXFileReference; lastKnownFileType = sourcecode.swift; path = SceneDelegate.swift; sourceTree = "<group>"; };
		75CF79BE23E475BD00FB8E7F /* ViewController.swift */ = {isa = PBXFileReference; lastKnownFileType = sourcecode.swift; path = ViewController.swift; sourceTree = "<group>"; };
		75CF79C123E475BD00FB8E7F /* Base */ = {isa = PBXFileReference; lastKnownFileType = file.storyboard; name = Base; path = Base.lproj/Main.storyboard; sourceTree = "<group>"; };
		75CF79C423E475BD00FB8E7F /* LoginAnimadoSnapKit.xcdatamodel */ = {isa = PBXFileReference; lastKnownFileType = wrapper.xcdatamodel; path = LoginAnimadoSnapKit.xcdatamodel; sourceTree = "<group>"; };
		75CF79C623E475C100FB8E7F /* Assets.xcassets */ = {isa = PBXFileReference; lastKnownFileType = folder.assetcatalog; path = Assets.xcassets; sourceTree = "<group>"; };
		75CF79C923E475C100FB8E7F /* Base */ = {isa = PBXFileReference; lastKnownFileType = file.storyboard; name = Base; path = Base.lproj/LaunchScreen.storyboard; sourceTree = "<group>"; };
		75CF79CB23E475C100FB8E7F /* Info.plist */ = {isa = PBXFileReference; lastKnownFileType = text.plist.xml; path = Info.plist; sourceTree = "<group>"; };
		75CF79D523E4881400FB8E7F /* LoginView.swift */ = {isa = PBXFileReference; lastKnownFileType = sourcecode.swift; path = LoginView.swift; sourceTree = "<group>"; };
/* End PBXFileReference section */

/* Begin PBXFrameworksBuildPhase section */
		75CF79B423E475BD00FB8E7F /* Frameworks */ = {
			isa = PBXFrameworksBuildPhase;
			buildActionMask = 2147483647;
			files = (
				5EEB0AA40B1B14096FF8853A /* Pods_LoginAnimadoSnapKit.framework in Frameworks */,
			);
			runOnlyForDeploymentPostprocessing = 0;
		};
/* End PBXFrameworksBuildPhase section */

/* Begin PBXGroup section */
		053E4B809B2FF54CB91596AB /* Pods */ = {
			isa = PBXGroup;
			children = (
				74833AD4721937ADE7879AD1 /* Pods-LoginAnimadoSnapKit.debug.xcconfig */,
				2E877189197885EA68880BC0 /* Pods-LoginAnimadoSnapKit.release.xcconfig */,
			);
			path = Pods;
			sourceTree = "<group>";
		};
		75CF79AE23E475BD00FB8E7F = {
			isa = PBXGroup;
			children = (
				75CF79B923E475BD00FB8E7F /* LoginAnimadoSnapKit */,
				75CF79B823E475BD00FB8E7F /* Products */,
				053E4B809B2FF54CB91596AB /* Pods */,
				E036D775FD882697132C2778 /* Frameworks */,
			);
			sourceTree = "<group>";
		};
		75CF79B823E475BD00FB8E7F /* Products */ = {
			isa = PBXGroup;
			children = (
				75CF79B723E475BD00FB8E7F /* LoginAnimadoSnapKit.app */,
			);
			name = Products;
			sourceTree = "<group>";
		};
		75CF79B923E475BD00FB8E7F /* LoginAnimadoSnapKit */ = {
			isa = PBXGroup;
			children = (
				75CF79BA23E475BD00FB8E7F /* AppDelegate.swift */,
				75CF79BC23E475BD00FB8E7F /* SceneDelegate.swift */,
				75CF79D523E4881400FB8E7F /* LoginView.swift */,
				75CF79BE23E475BD00FB8E7F /* ViewController.swift */,
				75CF79C023E475BD00FB8E7F /* Main.storyboard */,
				75CF79C623E475C100FB8E7F /* Assets.xcassets */,
				75CF79C823E475C100FB8E7F /* LaunchScreen.storyboard */,
				75CF79CB23E475C100FB8E7F /* Info.plist */,
				75CF79C323E475BD00FB8E7F /* LoginAnimadoSnapKit.xcdatamodeld */,
			);
			path = LoginAnimadoSnapKit;
			sourceTree = "<group>";
		};
		E036D775FD882697132C2778 /* Frameworks */ = {
			isa = PBXGroup;
			children = (
				6EF4B6E3868530EDACEBA211 /* Pods_LoginAnimadoSnapKit.framework */,
			);
			name = Frameworks;
			sourceTree = "<group>";
		};
/* End PBXGroup section */

/* Begin PBXNativeTarget section */
		75CF79B623E475BD00FB8E7F /* LoginAnimadoSnapKit */ = {
			isa = PBXNativeTarget;
			buildConfigurationList = 75CF79CE23E475C100FB8E7F /* Build configuration list for PBXNativeTarget "LoginAnimadoSnapKit" */;
			buildPhases = (
				5554F52E8D6F0C575B01C63A /* [CP] Check Pods Manifest.lock */,
				75CF79B323E475BD00FB8E7F /* Sources */,
				75CF79B423E475BD00FB8E7F /* Frameworks */,
				75CF79B523E475BD00FB8E7F /* Resources */,
				3EAF8EF55B184EC6EB1023DB /* [CP] Embed Pods Frameworks */,
			);
			buildRules = (
			);
			dependencies = (
			);
			name = LoginAnimadoSnapKit;
			productName = LoginAnimadoSnapKit;
			productReference = 75CF79B723E475BD00FB8E7F /* LoginAnimadoSnapKit.app */;
			productType = "com.apple.product-type.application";
		};
/* End PBXNativeTarget section */

/* Begin PBXProject section */
		75CF79AF23E475BD00FB8E7F /* Project object */ = {
			isa = PBXProject;
			attributes = {
				LastSwiftUpdateCheck = 1130;
				LastUpgradeCheck = 1130;
				ORGANIZATIONNAME = "Catia Miranda de Souza";
				TargetAttributes = {
					75CF79B623E475BD00FB8E7F = {
						CreatedOnToolsVersion = 11.3.1;
					};
				};
			};
			buildConfigurationList = 75CF79B223E475BD00FB8E7F /* Build configuration list for PBXProject "LoginAnimadoSnapKit" */;
			compatibilityVersion = "Xcode 8.0";
			developmentRegion = en;
			hasScannedForEncodings = 0;
			knownRegions = (
				en,
				Base,
			);
			mainGroup = 75CF79AE23E475BD00FB8E7F;
			productRefGroup = 75CF79B823E475BD00FB8E7F /* Products */;
			projectDirPath = "";
			projectRoot = "";
			targets = (
				75CF79B623E475BD00FB8E7F /* LoginAnimadoSnapKit */,
			);
		};
/* End PBXProject section */

/* Begin PBXResourcesBuildPhase section */
		75CF79B523E475BD00FB8E7F /* Resources */ = {
			isa = PBXResourcesBuildPhase;
			buildActionMask = 2147483647;
			files = (
				75CF79CA23E475C100FB8E7F /* LaunchScreen.storyboard in Resources */,
				75CF79C723E475C100FB8E7F /* Assets.xcassets in Resources */,
				75CF79C223E475BD00FB8E7F /* Main.storyboard in Resources */,
			);
			runOnlyForDeploymentPostprocessing = 0;
		};
/* End PBXResourcesBuildPhase section */

/* Begin PBXShellScriptBuildPhase section */
		3EAF8EF55B184EC6EB1023DB /* [CP] Embed Pods Frameworks */ = {
			isa = PBXShellScriptBuildPhase;
			buildActionMask = 2147483647;
			files = (
			);
			inputFileListPaths = (
				"${PODS_ROOT}/Target Support Files/Pods-LoginAnimadoSnapKit/Pods-LoginAnimadoSnapKit-frameworks-${CONFIGURATION}-input-files.xcfilelist",
			);
			name = "[CP] Embed Pods Frameworks";
			outputFileListPaths = (
				"${PODS_ROOT}/Target Support Files/Pods-LoginAnimadoSnapKit/Pods-LoginAnimadoSnapKit-frameworks-${CONFIGURATION}-output-files.xcfilelist",
			);
			runOnlyForDeploymentPostprocessing = 0;
			shellPath = /bin/sh;
			shellScript = "\"${PODS_ROOT}/Target Support Files/Pods-LoginAnimadoSnapKit/Pods-LoginAnimadoSnapKit-frameworks.sh\"\n";
			showEnvVarsInLog = 0;
		};
		5554F52E8D6F0C575B01C63A /* [CP] Check Pods Manifest.lock */ = {
			isa = PBXShellScriptBuildPhase;
			buildActionMask = 2147483647;
			files = (
			);
			inputFileListPaths = (
			);
			inputPaths = (
				"${PODS_PODFILE_DIR_PATH}/Podfile.lock",
				"${PODS_ROOT}/Manifest.lock",
			);
			name = "[CP] Check Pods Manifest.lock";
			outputFileListPaths = (
			);
			outputPaths = (
				"$(DERIVED_FILE_DIR)/Pods-LoginAnimadoSnapKit-checkManifestLockResult.txt",
			);
			runOnlyForDeploymentPostprocessing = 0;
			shellPath = /bin/sh;
			shellScript = "diff \"${PODS_PODFILE_DIR_PATH}/Podfile.lock\" \"${PODS_ROOT}/Manifest.lock\" > /dev/null\nif [ $? != 0 ] ; then\n    # print error to STDERR\n    echo \"error: The sandbox is not in sync with the Podfile.lock. Run 'pod install' or update your CocoaPods installation.\" >&2\n    exit 1\nfi\n# This output is used by Xcode 'outputs' to avoid re-running this script phase.\necho \"SUCCESS\" > \"${SCRIPT_OUTPUT_FILE_0}\"\n";
			showEnvVarsInLog = 0;
		};
/* End PBXShellScriptBuildPhase section */

/* Begin PBXSourcesBuildPhase section */
		75CF79B323E475BD00FB8E7F /* Sources */ = {
			isa = PBXSourcesBuildPhase;
			buildActionMask = 2147483647;
			files = (
				75CF79BF23E475BD00FB8E7F /* ViewController.swift in Sources */,
				75CF79BB23E475BD00FB8E7F /* AppDelegate.swift in Sources */,
				75CF79D623E4881400FB8E7F /* LoginView.swift in Sources */,
			);
			runOnlyForDeploymentPostprocessing = 0;
		};
/* End PBXSourcesBuildPhase section */

/* Begin PBXVariantGroup section */
		75CF79C023E475BD00FB8E7F /* Main.storyboard */ = {
			isa = PBXVariantGroup;
			children = (
				75CF79C123E475BD00FB8E7F /* Base */,
			);
			name = Main.storyboard;
			sourceTree = "<group>";
		};
		75CF79C823E475C100FB8E7F /* LaunchScreen.storyboard */ = {
			isa = PBXVariantGroup;
			children = (
				75CF79C923E475C100FB8E7F /* Base */,
			);
			name = LaunchScreen.storyboard;
			sourceTree = "<group>";
		};
/* End PBXVariantGroup section */

/* Begin XCBuildConfiguration section */
		75CF79CC23E475C100FB8E7F /* Debug */ = {
			isa = XCBuildConfiguration;
			buildSettings = {
				ALWAYS_SEARCH_USER_PATHS = NO;
				CLANG_ANALYZER_NONNULL = YES;
				CLANG_ANALYZER_NUMBER_OBJECT_CONVERSION = YES_AGGRESSIVE;
				CLANG_CXX_LANGUAGE_STANDARD = "gnu++14";
				CLANG_CXX_LIBRARY = "libc++";
				CLANG_ENABLE_MODULES = YES;
				CLANG_ENABLE_OBJC_ARC = YES;
				CLANG_ENABLE_OBJC_WEAK = YES;
				CLANG_WARN_BLOCK_CAPTURE_AUTORELEASING = YES;
				CLANG_WARN_BOOL_CONVERSION = YES;
				CLANG_WARN_COMMA = YES;
				CLANG_WARN_CONSTANT_CONVERSION = YES;
				CLANG_WARN_DEPRECATED_OBJC_IMPLEMENTATIONS = YES;
				CLANG_WARN_DIRECT_OBJC_ISA_USAGE = YES_ERROR;
				CLANG_WARN_DOCUMENTATION_COMMENTS = YES;
				CLANG_WARN_EMPTY_BODY = YES;
				CLANG_WARN_ENUM_CONVERSION = YES;
				CLANG_WARN_INFINITE_RECURSION = YES;
				CLANG_WARN_INT_CONVERSION = YES;
				CLANG_WARN_NON_LITERAL_NULL_CONVERSION = YES;
				CLANG_WARN_OBJC_IMPLICIT_RETAIN_SELF = YES;
				CLANG_WARN_OBJC_LITERAL_CONVERSION = YES;
				CLANG_WARN_OBJC_ROOT_CLASS = YES_ERROR;
				CLANG_WARN_RANGE_LOOP_ANALYSIS = YES;
				CLANG_WARN_STRICT_PROTOTYPES = YES;
				CLANG_WARN_SUSPICIOUS_MOVE = YES;
				CLANG_WARN_UNGUARDED_AVAILABILITY = YES_AGGRESSIVE;
				CLANG_WARN_UNREACHABLE_CODE = YES;
				CLANG_WARN__DUPLICATE_METHOD_MATCH = YES;
				COPY_PHASE_STRIP = NO;
				DEBUG_INFORMATION_FORMAT = dwarf;
				ENABLE_STRICT_OBJC_MSGSEND = YES;
				ENABLE_TESTABILITY = YES;
				GCC_C_LANGUAGE_STANDARD = gnu11;
				GCC_DYNAMIC_NO_PIC = NO;
				GCC_NO_COMMON_BLOCKS = YES;
				GCC_OPTIMIZATION_LEVEL = 0;
				GCC_PREPROCESSOR_DEFINITIONS = (
					"DEBUG=1",
					"$(inherited)",
				);
				GCC_WARN_64_TO_32_BIT_CONVERSION = YES;
				GCC_WARN_ABOUT_RETURN_TYPE = YES_ERROR;
				GCC_WARN_UNDECLARED_SELECTOR = YES;
				GCC_WARN_UNINITIALIZED_AUTOS = YES_AGGRESSIVE;
				GCC_WARN_UNUSED_FUNCTION = YES;
				GCC_WARN_UNUSED_VARIABLE = YES;
				IPHONEOS_DEPLOYMENT_TARGET = 13.2;
				MTL_ENABLE_DEBUG_INFO = INCLUDE_SOURCE;
				MTL_FAST_MATH = YES;
				ONLY_ACTIVE_ARCH = YES;
				SDKROOT = iphoneos;
				SWIFT_ACTIVE_COMPILATION_CONDITIONS = DEBUG;
				SWIFT_OPTIMIZATION_LEVEL = "-Onone";
			};
			name = Debug;
		};
		75CF79CD23E475C100FB8E7F /* Release */ = {
			isa = XCBuildConfiguration;
			buildSettings = {
				ALWAYS_SEARCH_USER_PATHS = NO;
				CLANG_ANALYZER_NONNULL = YES;
				CLANG_ANALYZER_NUMBER_OBJECT_CONVERSION = YES_AGGRESSIVE;
				CLANG_CXX_LANGUAGE_STANDARD = "gnu++14";
				CLANG_CXX_LIBRARY = "libc++";
				CLANG_ENABLE_MODULES = YES;
				CLANG_ENABLE_OBJC_ARC = YES;
				CLANG_ENABLE_OBJC_WEAK = YES;
				CLANG_WARN_BLOCK_CAPTURE_AUTORELEASING = YES;
				CLANG_WARN_BOOL_CONVERSION = YES;
				CLANG_WARN_COMMA = YES;
				CLANG_WARN_CONSTANT_CONVERSION = YES;
				CLANG_WARN_DEPRECATED_OBJC_IMPLEMENTATIONS = YES;
				CLANG_WARN_DIRECT_OBJC_ISA_USAGE = YES_ERROR;
				CLANG_WARN_DOCUMENTATION_COMMENTS = YES;
				CLANG_WARN_EMPTY_BODY = YES;
				CLANG_WARN_ENUM_CONVERSION = YES;
				CLANG_WARN_INFINITE_RECURSION = YES;
				CLANG_WARN_INT_CONVERSION = YES;
				CLANG_WARN_NON_LITERAL_NULL_CONVERSION = YES;
				CLANG_WARN_OBJC_IMPLICIT_RETAIN_SELF = YES;
				CLANG_WARN_OBJC_LITERAL_CONVERSION = YES;
				CLANG_WARN_OBJC_ROOT_CLASS = YES_ERROR;
				CLANG_WARN_RANGE_LOOP_ANALYSIS = YES;
				CLANG_WARN_STRICT_PROTOTYPES = YES;
				CLANG_WARN_SUSPICIOUS_MOVE = YES;
				CLANG_WARN_UNGUARDED_AVAILABILITY = YES_AGGRESSIVE;
				CLANG_WARN_UNREACHABLE_CODE = YES;
				CLANG_WARN__DUPLICATE_METHOD_MATCH = YES;
				COPY_PHASE_STRIP = NO;
				DEBUG_INFORMATION_FORMAT = "dwarf-with-dsym";
				ENABLE_NS_ASSERTIONS = NO;
				ENABLE_STRICT_OBJC_MSGSEND = YES;
				GCC_C_LANGUAGE_STANDARD = gnu11;
				GCC_NO_COMMON_BLOCKS = YES;
				GCC_WARN_64_TO_32_BIT_CONVERSION = YES;
				GCC_WARN_ABOUT_RETURN_TYPE = YES_ERROR;
				GCC_WARN_UNDECLARED_SELECTOR = YES;
				GCC_WARN_UNINITIALIZED_AUTOS = YES_AGGRESSIVE;
				GCC_WARN_UNUSED_FUNCTION = YES;
				GCC_WARN_UNUSED_VARIABLE = YES;
				IPHONEOS_DEPLOYMENT_TARGET = 13.2;
				MTL_ENABLE_DEBUG_INFO = NO;
				MTL_FAST_MATH = YES;
				SDKROOT = iphoneos;
				SWIFT_COMPILATION_MODE = wholemodule;
				SWIFT_OPTIMIZATION_LEVEL = "-O";
				VALIDATE_PRODUCT = YES;
			};
			name = Release;
		};
		75CF79CF23E475C100FB8E7F /* Debug */ = {
			isa = XCBuildConfiguration;
			baseConfigurationReference = 74833AD4721937ADE7879AD1 /* Pods-LoginAnimadoSnapKit.debug.xcconfig */;
			buildSettings = {
				ASSETCATALOG_COMPILER_APPICON_NAME = AppIcon;
				CODE_SIGN_STYLE = Automatic;
				DEVELOPMENT_TEAM = AS994HB957;
				INFOPLIST_FILE = LoginAnimadoSnapKit/Info.plist;
				IPHONEOS_DEPLOYMENT_TARGET = 11.2;
				LD_RUNPATH_SEARCH_PATHS = (
					"$(inherited)",
					"@executable_path/Frameworks",
				);
				PRODUCT_BUNDLE_IDENTIFIER = com.catiasouza.LoginAnimadoSnapKit;
				PRODUCT_NAME = "$(TARGET_NAME)";
				SWIFT_VERSION = 4.0;
				TARGETED_DEVICE_FAMILY = "1,2";
			};
			name = Debug;
		};
		75CF79D023E475C100FB8E7F /* Release */ = {
			isa = XCBuildConfiguration;
			baseConfigurationReference = 2E877189197885EA68880BC0 /* Pods-LoginAnimadoSnapKit.release.xcconfig */;
			buildSettings = {
				ASSETCATALOG_COMPILER_APPICON_NAME = AppIcon;
				CODE_SIGN_STYLE = Automatic;
				DEVELOPMENT_TEAM = AS994HB957;
				INFOPLIST_FILE = LoginAnimadoSnapKit/Info.plist;
				IPHONEOS_DEPLOYMENT_TARGET = 11.2;
				LD_RUNPATH_SEARCH_PATHS = (
					"$(inherited)",
					"@executable_path/Frameworks",
				);
				PRODUCT_BUNDLE_IDENTIFIER = com.catiasouza.LoginAnimadoSnapKit;
				PRODUCT_NAME = "$(TARGET_NAME)";
				SWIFT_VERSION = 4.0;
				TARGETED_DEVICE_FAMILY = "1,2";
			};
			name = Release;
		};
/* End XCBuildConfiguration section */

/* Begin XCConfigurationList section */
		75CF79B223E475BD00FB8E7F /* Build configuration list for PBXProject "LoginAnimadoSnapKit" */ = {
			isa = XCConfigurationList;
			buildConfigurations = (
				75CF79CC23E475C100FB8E7F /* Debug */,
				75CF79CD23E475C100FB8E7F /* Release */,
			);
			defaultConfigurationIsVisible = 0;
			defaultConfigurationName = Release;
		};
		75CF79CE23E475C100FB8E7F /* Build configuration list for PBXNativeTarget "LoginAnimadoSnapKit" */ = {
			isa = XCConfigurationList;
			buildConfigurations = (
				75CF79CF23E475C100FB8E7F /* Debug */,
				75CF79D023E475C100FB8E7F /* Release */,
			);
			defaultConfigurationIsVisible = 0;
			defaultConfigurationName = Release;
		};
/* End XCConfigurationList section */

/* Begin XCVersionGroup section */
		75CF79C323E475BD00FB8E7F /* LoginAnimadoSnapKit.xcdatamodeld */ = {
			isa = XCVersionGroup;
			children = (
				75CF79C423E475BD00FB8E7F /* LoginAnimadoSnapKit.xcdatamodel */,
			);
			currentVersion = 75CF79C423E475BD00FB8E7F /* LoginAnimadoSnapKit.xcdatamodel */;
			path = LoginAnimadoSnapKit.xcdatamodeld;
			sourceTree = "<group>";
			versionGroupType = wrapper.xcdatamodel;
		};
/* End XCVersionGroup section */
	};
	rootObject = 75CF79AF23E475BD00FB8E7F /* Project object */;
}
